
Microsoft Visual Studio Solution File, Format Version 12.00
# Visual Studio Version 16
VisualStudioVersion = 16.0.31424.327
MinimumVisualStudioVersion = 10.0.40219.1
Project("{FAE04EC0-301F-11D3-BF4B-00C04F79EFBC}") = "yb_interfaces", "yb_interfaces.csproj", "{B183534E-4F8E-41B1-BB9A-C3C1DD53E646}"
EndProject
Project("{FAE04EC0-301F-11D3-BF4B-00C04F79EFBC}") = "sybdj", "sybdj\sybdj.csproj", "{5741DB52-862E-4CBF-B831-B90CD143C16E}"
EndProject
Project("{FAE04EC0-301F-11D3-BF4B-00C04F79EFBC}") = "sybdjdr", "sybdjdr\sybdjdr.csproj", "{F0735C56-DBEE-407C-87AA-7C2DB63C6A01}"
EndProject
Project("{FAE04EC0-301F-11D3-BF4B-00C04F79EFBC}") = "sybfp", "sybfp\sybfp.csproj", "{17C85A1F-74AF-4EDB-A1C6-323D29F3378E}"
EndProject
Project("{9A19103F-16F7-4668-BE54-9A1E7A4F7556}") = "ConsoleApp1", "..\ConsoleApp1\ConsoleApp1.csproj", "{95A827E0-57EE-4C4C-9276-872BDF4994FD}"
EndProject
Project("{FAE04EC0-301F-11D3-BF4B-00C04F79EFBC}") = "ybinterface_lib", "..\ybinterface_lib\ybinterface_lib.csproj", "{4FD045C3-AB6C-48F4-A99D-CB4D423BF56C}"
EndProject
Global
	GlobalSection(SolutionConfigurationPlatforms) = preSolution
		Debug|Any CPU = Debug|Any CPU
		Release|Any CPU = Release|Any CPU
	EndGlobalSection
	GlobalSection(ProjectConfigurationPlatforms) = postSolution
		{B183534E-4F8E-41B1-BB9A-C3C1DD53E646}.Debug|Any CPU.ActiveCfg = Debug|Any CPU
		{B183534E-4F8E-41B1-BB9A-C3C1DD53E646}.Debug|Any CPU.Build.0 = Debug|Any CPU
		{B183534E-4F8E-41B1-BB9A-C3C1DD53E646}.Release|Any CPU.ActiveCfg = Release|Any CPU
		{B183534E-4F8E-41B1-BB9A-C3C1DD53E646}.Release|Any CPU.Build.0 = Release|Any CPU
		{5741DB52-862E-4CBF-B831-B90CD143C16E}.Debug|Any CPU.ActiveCfg = Debug|Any CPU
		{5741DB52-862E-4CBF-B831-B90CD143C16E}.Debug|Any CPU.Build.0 = Debug|Any CPU
		{5741DB52-862E-4CBF-B831-B90CD143C16E}.Release|Any CPU.ActiveCfg = Release|Any CPU
		{5741DB52-862E-4CBF-B831-B90CD143C16E}.Release|Any CPU.Build.0 = Release|Any CPU
		{F0735C56-DBEE-407C-87AA-7C2DB63C6A01}.Debug|Any CPU.ActiveCfg = Debug|Any CPU
		{F0735C56-DBEE-407C-87AA-7C2DB63C6A01}.Debug|Any CPU.Build.0 = Debug|Any CPU
		{F0735C56-DBEE-407C-87AA-7C2DB63C6A01}.Release|Any CPU.ActiveCfg = Release|Any CPU
		{F0735C56-DBEE-407C-87AA-7C2DB63C6A01}.Release|Any CPU.Build.0 = Release|Any CPU
		{17C85A1F-74AF-4EDB-A1C6-323D29F3378E}.Debug|Any CPU.ActiveCfg = Debug|Any CPU
		{17C85A1F-74AF-4EDB-A1C6-323D29F3378E}.Debug|Any CPU.Build.0 = Debug|Any CPU
		{17C85A1F-74AF-4EDB-A1C6-323D29F3378E}.Release|Any CPU.ActiveCfg = Release|Any CPU
		{17C85A1F-74AF-4EDB-A1C6-323D29F3378E}.Release|Any CPU.Build.0 = Release|Any CPU
		{95A827E0-57EE-4C4C-9276-872BDF4994FD}.Debug|Any CPU.ActiveCfg = Debug|Any CPU
		{95A827E0-57EE-4C4C-9276-872BDF4994FD}.Debug|Any CPU.Build.0 = Debug|Any CPU
		{95A827E0-57EE-4C4C-9276-872BDF4994FD}.Release|Any CPU.ActiveCfg = Release|Any CPU
		{95A827E0-57EE-4C4C-9276-872BDF4994FD}.Release|Any CPU.Build.0 = Release|Any CPU
		{4FD045C3-AB6C-48F4-A99D-CB4D423BF56C}.Debug|Any CPU.ActiveCfg = Debug|Any CPU
		{4FD045C3-AB6C-48F4-A99D-CB4D423BF56C}.Debug|Any CPU.Build.0 = Debug|Any CPU
		{4FD045C3-AB6C-48F4-A99D-CB4D423BF56C}.Release|Any CPU.ActiveCfg = Release|Any CPU
		{4FD045C3-AB6C-48F4-A99D-CB4D423BF56C}.Release|Any CPU.Build.0 = Release|Any CPU
	EndGlobalSection
	GlobalSection(SolutionProperties) = preSolution
		HideSolutionNode = FALSE
	EndGlobalSection
	GlobalSection(ExtensibilityGlobals) = postSolution
		SolutionGuid = {13BC0212-8CB8-4EFE-A05E-0689928A87EB}
	EndGlobalSection
EndGlobal
